
Microsoft Visual Studio Solution File, Format Version 12.00
# Visual Studio Version 16
VisualStudioVersion = 16.0.29503.13
MinimumVisualStudioVersion = 10.0.40219.1
Project("{FAE04EC0-301F-11D3-BF4B-00C04F79EFBC}") = "davidketner.Data", "davidketner.Data\davidketner.Data.csproj", "{98E45638-E00C-4AEF-852A-58126A7AC347}"
EndProject
Global
	GlobalSection(SolutionConfigurationPlatforms) = preSolution
		Debug|Any CPU = Debug|Any CPU
		Release|Any CPU = Release|Any CPU
	EndGlobalSection
	GlobalSection(ProjectConfigurationPlatforms) = postSolution
		{98E45638-E00C-4AEF-852A-58126A7AC347}.Debug|Any CPU.ActiveCfg = Debug|Any CPU
		{98E45638-E00C-4AEF-852A-58126A7AC347}.Debug|Any CPU.Build.0 = Debug|Any CPU
		{98E45638-E00C-4AEF-852A-58126A7AC347}.Release|Any CPU.ActiveCfg = Release|Any CPU
		{98E45638-E00C-4AEF-852A-58126A7AC347}.Release|Any CPU.Build.0 = Release|Any CPU
	EndGlobalSection
	GlobalSection(SolutionProperties) = preSolution
		HideSolutionNode = FALSE
	EndGlobalSection
	GlobalSection(ExtensibilityGlobals) = postSolution
		SolutionGuid = {699FA052-47A9-4086-B663-32DE840FD651}
	EndGlobalSection
EndGlobal
